
Microsoft Visual Studio Solution File, Format Version 12.00
# Visual Studio 15
VisualStudioVersion = 15.0.28307.1231
MinimumVisualStudioVersion = 10.0.40219.1
Project("{FAE04EC0-301F-11D3-BF4B-00C04F79EFBC}") = "OOP_Teach", "OOP_Teach\OOP_Teach.csproj", "{8346AB4F-9A73-47B3-83A5-2C6734B5B352}"
EndProject
Global
	GlobalSection(SolutionConfigurationPlatforms) = preSolution
		Debug|Any CPU = Debug|Any CPU
		Release|Any CPU = Release|Any CPU
	EndGlobalSection
	GlobalSection(ProjectConfigurationPlatforms) = postSolution
		{8346AB4F-9A73-47B3-83A5-2C6734B5B352}.Debug|Any CPU.ActiveCfg = Debug|Any CPU
		{8346AB4F-9A73-47B3-83A5-2C6734B5B352}.Debug|Any CPU.Build.0 = Debug|Any CPU
		{8346AB4F-9A73-47B3-83A5-2C6734B5B352}.Release|Any CPU.ActiveCfg = Release|Any CPU
		{8346AB4F-9A73-47B3-83A5-2C6734B5B352}.Release|Any CPU.Build.0 = Release|Any CPU
	EndGlobalSection
	GlobalSection(SolutionProperties) = preSolution
		HideSolutionNode = FALSE
	EndGlobalSection
	GlobalSection(ExtensibilityGlobals) = postSolution
		SolutionGuid = {2C3D076E-FDF7-4B85-8654-FA305F177E2A}
	EndGlobalSection
EndGlobal
